# THIS IS AN AUTOGENERATED FILE. DO NOT EDIT THIS FILE DIRECTLY.
# yarn lockfile v1


duplexer@^0.1.1:
  version "0.1.1"
  resolved "https://registry.yarnpkg.com/duplexer/-/duplexer-0.1.1.tgz#ace6ff808c1ce66b57d1ebf97977acb02334cfc1"

gzip-size@^3.0.0:
  version "3.0.0"
  resolved "https://registry.yarnpkg.com/gzip-size/-/gzip-size-3.0.0.tgz#546188e9bdc337f673772f81660464b389dce520"
  dependencies:
    duplexer "^0.1.1"

pretty-bytes@^4.0.2:
  version "4.0.2"
  resolved "https://registry.yarnpkg.com/pretty-bytes/-/pretty-bytes-4.0.2.tgz#b2bf82e7350d65c6c33aa95aaa5a4f6327f61cd9"
