lockfileVersion: '9.0'

settings:
  autoInstallPeers: true
  excludeLinksFromLockfile: false

importers:

  cjs:
    dependencies:
      '@date-fns/tz':
        specifier: ../../dist
        version: link:../../dist

  cts:
    dependencies:
      '@date-fns/tz':
        specifier: ../../dist
        version: link:../../dist
    devDependencies:
      '@types/node':
        specifier: '26'
        version: 26.6.2
      typescript:
        specifier: ^6.0.3
        version: 6.0.3

  esm:
    dependencies:
      '@date-fns/tz':
        specifier: ../../dist
        version: link:../../dist

  ts:
    dependencies:
      '@date-fns/tz':
        specifier: ../../dist
        version: link:../../dist
    devDependencies:
      typescript:
        specifier: ^6.0.3
        version: 6.0.3

packages:

  '@types/node@26.6.2':
    resolution: {integrity: sha512-X1P21scMv4zGKLYqjdGjaKa7COa0RKVYYZZN/NfvLQ1JegxFhdhpZG/Lyn8AXx6CDUavKAd11v6BvfpkDByK8g==}

  typescript@6.0.3:
    resolution: {integrity: sha512-y2TvuxSZPDyQakkFRPZHKFm+KKVqIisdg9/CZwm9ftvKXLP8NRWj38/ODjNbr43SsoXqNuAisEf1GdCxqWcdBw==}
    engines: {node: '>=14.17'}
    hasBin: true

  undici-types@8.9.0:
    resolution: {integrity: sha512-KTDyRTYX8sWmKXAikPHHSyc63CRPETMctyjKFupcC6OBLXT3xsN0e9aF7m+mIXutFWpUXuedtowG7iLOzp0kQg==}

snapshots:

  '@types/node@26.6.2':
    dependencies:
      undici-types: 8.9.0

  typescript@6.0.3: {}

  undici-types@8.9.0: {}
