lockfileVersion: '9.0'

settings:
  autoInstallPeers: true
  excludeLinksFromLockfile: false

importers:

  cjs:
    dependencies:
      '@date-fns/utc':
        specifier: ../../dist
        version: link:../../dist

  cts:
    dependencies:
      '@date-fns/utc':
        specifier: ../../dist
        version: link:../../dist
    devDependencies:
      '@types/node':
        specifier: ^25.9.1
        version: 25.9.1
      typescript:
        specifier: ^6.0.3
        version: 6.0.3

  esm:
    dependencies:
      '@date-fns/utc':
        specifier: ../../dist
        version: link:../../dist

  ts:
    dependencies:
      '@date-fns/utc':
        specifier: ../../dist
        version: link:../../dist
    devDependencies:
      typescript:
        specifier: ^6.0.3
        version: 6.0.3

packages:

  '@types/node@25.9.1':
    resolution: {integrity: sha512-xfrlY7UD5rMJk3ZVJP8BNzS28J36YJg+xp+LPXV1TdWxr8uMH5A860QNxYDGQe/ylDSgjxE52Q9VnO7p75tJxg==}

  typescript@6.0.3:
    resolution: {integrity: sha512-y2TvuxSZPDyQakkFRPZHKFm+KKVqIisdg9/CZwm9ftvKXLP8NRWj38/ODjNbr43SsoXqNuAisEf1GdCxqWcdBw==}
    engines: {node: '>=14.17'}
    hasBin: true

  undici-types@7.24.6:
    resolution: {integrity: sha512-WRNW+sJgj5OBN4/0JpHFqtqzhpbnV0GuB+OozA9gCL7a993SmU+1JBZCzLNxYsbMfIeDL+lTsphD5jN5N+n0zg==}

snapshots:

  '@types/node@25.9.1':
    dependencies:
      undici-types: 7.24.6

  typescript@6.0.3: {}

  undici-types@7.24.6: {}
